
Microsoft Visual Studio Solution File, Format Version 12.00
# Visual Studio Version 17
VisualStudioVersion = 17.4.33205.214
MinimumVisualStudioVersion = 10.0.40219.1
Project("{FAE04EC0-301F-11D3-BF4B-00C04F79EFBC}") = "ProblemSet1", "ProblemSet1\ProblemSet1.csproj", "{8FA496F5-2AA5-4D4B-A7CC-908DBAD1A9BE}"
EndProject
Global
	GlobalSection(SolutionConfigurationPlatforms) = preSolution
		Debug|Any CPU = Debug|Any CPU
		Release|Any CPU = Release|Any CPU
	EndGlobalSection
	GlobalSection(ProjectConfigurationPlatforms) = postSolution
		{8FA496F5-2AA5-4D4B-A7CC-908DBAD1A9BE}.Debug|Any CPU.ActiveCfg = Debug|Any CPU
		{8FA496F5-2AA5-4D4B-A7CC-908DBAD1A9BE}.Debug|Any CPU.Build.0 = Debug|Any CPU
		{8FA496F5-2AA5-4D4B-A7CC-908DBAD1A9BE}.Release|Any CPU.ActiveCfg = Release|Any CPU
		{8FA496F5-2AA5-4D4B-A7CC-908DBAD1A9BE}.Release|Any CPU.Build.0 = Release|Any CPU
	EndGlobalSection
	GlobalSection(SolutionProperties) = preSolution
		HideSolutionNode = FALSE
	EndGlobalSection
	GlobalSection(ExtensibilityGlobals) = postSolution
		SolutionGuid = {26661A11-FC03-4304-85D2-BBB8ED0608B2}
	EndGlobalSection
EndGlobal
